{
  "name": "js-incubator",
  "version": "0.1.0",
  "lockfileVersion": 1,
  "requires": true,
  "dependencies": {
    "fsm.js": {
      "version": "git+https://github.com/aldumas/fsm.js.git#ad075c293bfafc368a83a642aa727c3d1b2d9e3f",
      "from": "git+https://github.com/aldumas/fsm.js.git#master"
    }
  }
}
