{
  "name": "js-incubator",
  "version": "0.1.0",
  "lockfileVersion": 1,
  "requires": true,
  "dependencies": {
    "fsmjs": {
      "version": "git+https://github.com/aldumas/fsmjs.git#efc845ae5b9e33aa397cedd1634abf8dce73154f",
      "from": "git+https://github.com/aldumas/fsmjs.git#master"
    }
  }
}
